
Microsoft Visual Studio Solution File, Format Version 12.00
# Visual Studio Version 17
VisualStudioVersion = 17.7.34221.43
MinimumVisualStudioVersion = 10.0.40219.1
Project("{FAE04EC0-301F-11D3-BF4B-00C04F79EFBC}") = "APITest", "APITest.csproj", "{64909B67-A74F-452B-A7CE-50F950EECCA1}"
EndProject
Global
	GlobalSection(SolutionConfigurationPlatforms) = preSolution
		Debug|Any CPU = Debug|Any CPU
		Release|Any CPU = Release|Any CPU
	EndGlobalSection
	GlobalSection(ProjectConfigurationPlatforms) = postSolution
		{64909B67-A74F-452B-A7CE-50F950EECCA1}.Debug|Any CPU.ActiveCfg = Debug|Any CPU
		{64909B67-A74F-452B-A7CE-50F950EECCA1}.Debug|Any CPU.Build.0 = Debug|Any CPU
		{64909B67-A74F-452B-A7CE-50F950EECCA1}.Release|Any CPU.ActiveCfg = Release|Any CPU
		{64909B67-A74F-452B-A7CE-50F950EECCA1}.Release|Any CPU.Build.0 = Release|Any CPU
	EndGlobalSection
	GlobalSection(SolutionProperties) = preSolution
		HideSolutionNode = FALSE
	EndGlobalSection
	GlobalSection(ExtensibilityGlobals) = postSolution
		SolutionGuid = {498DA022-D166-4CF5-8A2E-CD58A4358943}
	EndGlobalSection
EndGlobal
