
Microsoft Visual Studio Solution File, Format Version 12.00
# Visual Studio Version 17
VisualStudioVersion = 17.7.34221.43
MinimumVisualStudioVersion = 10.0.40219.1
Project("{FAE04EC0-301F-11D3-BF4B-00C04F79EFBC}") = "SopaAPI", "SopaAPI.csproj", "{13A036A5-B692-40EE-94AB-371A534A389C}"
EndProject
Global
	GlobalSection(SolutionConfigurationPlatforms) = preSolution
		Debug|Any CPU = Debug|Any CPU
		Release|Any CPU = Release|Any CPU
	EndGlobalSection
	GlobalSection(ProjectConfigurationPlatforms) = postSolution
		{13A036A5-B692-40EE-94AB-371A534A389C}.Debug|Any CPU.ActiveCfg = Debug|Any CPU
		{13A036A5-B692-40EE-94AB-371A534A389C}.Debug|Any CPU.Build.0 = Debug|Any CPU
		{13A036A5-B692-40EE-94AB-371A534A389C}.Release|Any CPU.ActiveCfg = Release|Any CPU
		{13A036A5-B692-40EE-94AB-371A534A389C}.Release|Any CPU.Build.0 = Release|Any CPU
	EndGlobalSection
	GlobalSection(SolutionProperties) = preSolution
		HideSolutionNode = FALSE
	EndGlobalSection
	GlobalSection(ExtensibilityGlobals) = postSolution
		SolutionGuid = {64E23E15-FE52-448F-96B9-06353194C652}
	EndGlobalSection
EndGlobal
